
Microsoft Visual Studio Solution File, Format Version 12.00
# Visual Studio 2015
Project("{FAE04EC0-301F-11D3-BF4B-00C04F79EFBC}") = "Pacman-VR.CSharp", "Pacman-VR.CSharp.csproj", "{F3FDA67C-2C73-9F73-D468-0A87CC176C4C}"
EndProject
Project("{FAE04EC0-301F-11D3-BF4B-00C04F79EFBC}") = "Pacman-VR.CSharp.Editor", "Pacman-VR.CSharp.Editor.csproj", "{3AEB8B33-3569-A28F-F794-E0D995E2F854}"
EndProject
Global
	GlobalSection(SolutionConfigurationPlatforms) = preSolution
		Debug|Any CPU = Debug|Any CPU
		Release|Any CPU = Release|Any CPU
	EndGlobalSection
	GlobalSection(ProjectConfigurationPlatforms) = postSolution
		{F3FDA67C-2C73-9F73-D468-0A87CC176C4C}.Debug|Any CPU.ActiveCfg = Debug|Any CPU
		{F3FDA67C-2C73-9F73-D468-0A87CC176C4C}.Debug|Any CPU.Build.0 = Debug|Any CPU
		{F3FDA67C-2C73-9F73-D468-0A87CC176C4C}.Release|Any CPU.ActiveCfg = Release|Any CPU
		{F3FDA67C-2C73-9F73-D468-0A87CC176C4C}.Release|Any CPU.Build.0 = Release|Any CPU
		{3AEB8B33-3569-A28F-F794-E0D995E2F854}.Debug|Any CPU.ActiveCfg = Debug|Any CPU
		{3AEB8B33-3569-A28F-F794-E0D995E2F854}.Debug|Any CPU.Build.0 = Debug|Any CPU
		{3AEB8B33-3569-A28F-F794-E0D995E2F854}.Release|Any CPU.ActiveCfg = Release|Any CPU
		{3AEB8B33-3569-A28F-F794-E0D995E2F854}.Release|Any CPU.Build.0 = Release|Any CPU
	EndGlobalSection
	GlobalSection(SolutionProperties) = preSolution
		HideSolutionNode = FALSE
	EndGlobalSection
EndGlobal
